
Microsoft Visual Studio Solution File, Format Version 12.00
# Visual Studio Version 16
VisualStudioVersion = 16.0.30717.126
MinimumVisualStudioVersion = 10.0.40219.1
Project("{9A19103F-16F7-4668-BE54-9A1E7A4F7556}") = "LINQQuery", "LINQQuery.csproj", "{C2B112AF-338D-4F6F-A97C-70164089066E}"
EndProject
Global
	GlobalSection(SolutionConfigurationPlatforms) = preSolution
		Debug|Any CPU = Debug|Any CPU
		Release|Any CPU = Release|Any CPU
	EndGlobalSection
	GlobalSection(ProjectConfigurationPlatforms) = postSolution
		{C2B112AF-338D-4F6F-A97C-70164089066E}.Debug|Any CPU.ActiveCfg = Debug|Any CPU
		{C2B112AF-338D-4F6F-A97C-70164089066E}.Debug|Any CPU.Build.0 = Debug|Any CPU
		{C2B112AF-338D-4F6F-A97C-70164089066E}.Release|Any CPU.ActiveCfg = Release|Any CPU
		{C2B112AF-338D-4F6F-A97C-70164089066E}.Release|Any CPU.Build.0 = Release|Any CPU
	EndGlobalSection
	GlobalSection(SolutionProperties) = preSolution
		HideSolutionNode = FALSE
	EndGlobalSection
	GlobalSection(ExtensibilityGlobals) = postSolution
		SolutionGuid = {EBD4A5EC-FD0F-4D46-8F92-5DED9DC1A93D}
	EndGlobalSection
EndGlobal
